
Microsoft Visual Studio Solution File, Format Version 12.00
# Visual Studio Version 17
VisualStudioVersion = 17.12.35707.178
MinimumVisualStudioVersion = 10.0.40219.1
Project("{FAE04EC0-301F-11D3-BF4B-00C04F79EFBC}") = "EvenPaceWeb", "EvenPace\EvenPaceWeb.csproj", "{A81CE3E0-8E86-4FB7-BE75-A7BBCA8B67F8}"
EndProject
Project("{FAE04EC0-301F-11D3-BF4B-00C04F79EFBC}") = "Core", "Core\Core.csproj", "{352D37A0-5E2C-4DAC-8BC4-F3EB32E4A38F}"
EndProject
Project("{FAE04EC0-301F-11D3-BF4B-00C04F79EFBC}") = "Service", "Service\Service.csproj", "{3A38A7D9-5649-44D0-AF16-FDFBEB591C92}"
EndProject
Project("{FAE04EC0-301F-11D3-BF4B-00C04F79EFBC}") = "EvenPaceWebTests", "EvenPaceWebTests\EvenPaceWebTests.csproj", "{2223C170-8C05-4AAD-ADF8-5B851DCD171E}"
EndProject
Project("{FAE04EC0-301F-11D3-BF4B-00C04F79EFBC}") = "ServiceTests", "ServiceTests\ServiceTests.csproj", "{04C40DCB-C092-48AD-9ADA-D30265C70998}"
EndProject
Global
	GlobalSection(SolutionConfigurationPlatforms) = preSolution
		Debug|Any CPU = Debug|Any CPU
		Release|Any CPU = Release|Any CPU
	EndGlobalSection
	GlobalSection(ProjectConfigurationPlatforms) = postSolution
		{A81CE3E0-8E86-4FB7-BE75-A7BBCA8B67F8}.Debug|Any CPU.ActiveCfg = Debug|Any CPU
		{A81CE3E0-8E86-4FB7-BE75-A7BBCA8B67F8}.Debug|Any CPU.Build.0 = Debug|Any CPU
		{A81CE3E0-8E86-4FB7-BE75-A7BBCA8B67F8}.Release|Any CPU.ActiveCfg = Release|Any CPU
		{A81CE3E0-8E86-4FB7-BE75-A7BBCA8B67F8}.Release|Any CPU.Build.0 = Release|Any CPU
		{352D37A0-5E2C-4DAC-8BC4-F3EB32E4A38F}.Debug|Any CPU.ActiveCfg = Debug|Any CPU
		{352D37A0-5E2C-4DAC-8BC4-F3EB32E4A38F}.Debug|Any CPU.Build.0 = Debug|Any CPU
		{352D37A0-5E2C-4DAC-8BC4-F3EB32E4A38F}.Release|Any CPU.ActiveCfg = Release|Any CPU
		{352D37A0-5E2C-4DAC-8BC4-F3EB32E4A38F}.Release|Any CPU.Build.0 = Release|Any CPU
		{3A38A7D9-5649-44D0-AF16-FDFBEB591C92}.Debug|Any CPU.ActiveCfg = Debug|Any CPU
		{3A38A7D9-5649-44D0-AF16-FDFBEB591C92}.Debug|Any CPU.Build.0 = Debug|Any CPU
		{3A38A7D9-5649-44D0-AF16-FDFBEB591C92}.Release|Any CPU.ActiveCfg = Release|Any CPU
		{3A38A7D9-5649-44D0-AF16-FDFBEB591C92}.Release|Any CPU.Build.0 = Release|Any CPU
		{2223C170-8C05-4AAD-ADF8-5B851DCD171E}.Debug|Any CPU.ActiveCfg = Debug|Any CPU
		{2223C170-8C05-4AAD-ADF8-5B851DCD171E}.Debug|Any CPU.Build.0 = Debug|Any CPU
		{2223C170-8C05-4AAD-ADF8-5B851DCD171E}.Release|Any CPU.ActiveCfg = Release|Any CPU
		{2223C170-8C05-4AAD-ADF8-5B851DCD171E}.Release|Any CPU.Build.0 = Release|Any CPU
		{04C40DCB-C092-48AD-9ADA-D30265C70998}.Debug|Any CPU.ActiveCfg = Debug|Any CPU
		{04C40DCB-C092-48AD-9ADA-D30265C70998}.Debug|Any CPU.Build.0 = Debug|Any CPU
		{04C40DCB-C092-48AD-9ADA-D30265C70998}.Release|Any CPU.ActiveCfg = Release|Any CPU
		{04C40DCB-C092-48AD-9ADA-D30265C70998}.Release|Any CPU.Build.0 = Release|Any CPU
	EndGlobalSection
	GlobalSection(SolutionProperties) = preSolution
		HideSolutionNode = FALSE
	EndGlobalSection
EndGlobal
